// !$*UTF8*$!
{
	archiveVersion = 1;
	classes = {
	};
	objectVersion = 48;
	objects = {

/* Begin PBXBuildFile section */
		0B2764B920D0024C000E870B /* DailyCell.swift in Sources */ = {isa = PBXBuildFile; fileRef = 0B2764B820D0024C000E870B /* DailyCell.swift */; };
		0B2764BD20D05A97000E870B /* HoursCell.swift in Sources */ = {isa = PBXBuildFile; fileRef = 0B2764BC20D05A97000E870B /* HoursCell.swift */; };
		0B2764BF20D1320D000E870B /* ExtraCell.swift in Sources */ = {isa = PBXBuildFile; fileRef = 0B2764BE20D1320D000E870B /* ExtraCell.swift */; };
		0B2764C320D13633000E870B /* ExtraTwoCell.swift in Sources */ = {isa = PBXBuildFile; fileRef = 0B2764C220D13633000E870B /* ExtraTwoCell.swift */; };
		0B563D9D20CE6385007808A4 /* AppDelegate.swift in Sources */ = {isa = PBXBuildFile; fileRef = 0B563D9C20CE6385007808A4 /* AppDelegate.swift */; };
		0B563DA220CE6385007808A4 /* Main.storyboard in Resources */ = {isa = PBXBuildFile; fileRef = 0B563DA020CE6385007808A4 /* Main.storyboard */; };
		0B563DA420CE6385007808A4 /* Assets.xcassets in Resources */ = {isa = PBXBuildFile; fileRef = 0B563DA320CE6385007808A4 /* Assets.xcassets */; };
		0B563DA720CE6385007808A4 /* LaunchScreen.storyboard in Resources */ = {isa = PBXBuildFile; fileRef = 0B563DA520CE6385007808A4 /* LaunchScreen.storyboard */; };
		0B563DAF20CE64A8007808A4 /* MapViewController.swift in Sources */ = {isa = PBXBuildFile; fileRef = 0B563DAE20CE64A8007808A4 /* MapViewController.swift */; };
		0B563DB120CE659F007808A4 /* CitiesData.swift in Sources */ = {isa = PBXBuildFile; fileRef = 0B563DB020CE659F007808A4 /* CitiesData.swift */; };
		0B563DB320CE65C1007808A4 /* City.swift in Sources */ = {isa = PBXBuildFile; fileRef = 0B563DB220CE65C1007808A4 /* City.swift */; };
		0B563DB520CE66B9007808A4 /* DetailViewController.swift in Sources */ = {isa = PBXBuildFile; fileRef = 0B563DB420CE66B9007808A4 /* DetailViewController.swift */; };
		0B563DB720CEA787007808A4 /* HeaderCell.swift in Sources */ = {isa = PBXBuildFile; fileRef = 0B563DB620CEA787007808A4 /* HeaderCell.swift */; };
		0B563DB920CECAC4007808A4 /* Forecast.swift in Sources */ = {isa = PBXBuildFile; fileRef = 0B563DB820CECAC4007808A4 /* Forecast.swift */; };
		0CFFAFAC1AF75D93F6294408 /* Pods_weatherApp.framework in Frameworks */ = {isa = PBXBuildFile; fileRef = 1E9F13959FB2D3D129E8765A /* Pods_weatherApp.framework */; };
/* End PBXBuildFile section */

/* Begin PBXFileReference section */
		0B2764B820D0024C000E870B /* DailyCell.swift */ = {isa = PBXFileReference; lastKnownFileType = sourcecode.swift; path = DailyCell.swift; sourceTree = "<group>"; };
		0B2764BC20D05A97000E870B /* HoursCell.swift */ = {isa = PBXFileReference; lastKnownFileType = sourcecode.swift; path = HoursCell.swift; sourceTree = "<group>"; };
		0B2764BE20D1320D000E870B /* ExtraCell.swift */ = {isa = PBXFileReference; lastKnownFileType = sourcecode.swift; path = ExtraCell.swift; sourceTree = "<group>"; };
		0B2764C220D13633000E870B /* ExtraTwoCell.swift */ = {isa = PBXFileReference; lastKnownFileType = sourcecode.swift; path = ExtraTwoCell.swift; sourceTree = "<group>"; };
		0B563D9920CE6385007808A4 /* weatherApp.app */ = {isa = PBXFileReference; explicitFileType = wrapper.application; includeInIndex = 0; path = weatherApp.app; sourceTree = BUILT_PRODUCTS_DIR; };
		0B563D9C20CE6385007808A4 /* AppDelegate.swift */ = {isa = PBXFileReference; lastKnownFileType = sourcecode.swift; path = AppDelegate.swift; sourceTree = "<group>"; };
		0B563DA120CE6385007808A4 /* Base */ = {isa = PBXFileReference; lastKnownFileType = file.storyboard; name = Base; path = Base.lproj/Main.storyboard; sourceTree = "<group>"; };
		0B563DA320CE6385007808A4 /* Assets.xcassets */ = {isa = PBXFileReference; lastKnownFileType = folder.assetcatalog; path = Assets.xcassets; sourceTree = "<group>"; };
		0B563DA620CE6385007808A4 /* Base */ = {isa = PBXFileReference; lastKnownFileType = file.storyboard; name = Base; path = Base.lproj/LaunchScreen.storyboard; sourceTree = "<group>"; };
		0B563DA820CE6385007808A4 /* Info.plist */ = {isa = PBXFileReference; lastKnownFileType = text.plist.xml; path = Info.plist; sourceTree = "<group>"; };
		0B563DAE20CE64A8007808A4 /* MapViewController.swift */ = {isa = PBXFileReference; lastKnownFileType = sourcecode.swift; path = MapViewController.swift; sourceTree = "<group>"; };
		0B563DB020CE659F007808A4 /* CitiesData.swift */ = {isa = PBXFileReference; lastKnownFileType = sourcecode.swift; path = CitiesData.swift; sourceTree = "<group>"; };
		0B563DB220CE65C1007808A4 /* City.swift */ = {isa = PBXFileReference; lastKnownFileType = sourcecode.swift; path = City.swift; sourceTree = "<group>"; };
		0B563DB420CE66B9007808A4 /* DetailViewController.swift */ = {isa = PBXFileReference; lastKnownFileType = sourcecode.swift; path = DetailViewController.swift; sourceTree = "<group>"; };
		0B563DB620CEA787007808A4 /* HeaderCell.swift */ = {isa = PBXFileReference; lastKnownFileType = sourcecode.swift; path = HeaderCell.swift; sourceTree = "<group>"; };
		0B563DB820CECAC4007808A4 /* Forecast.swift */ = {isa = PBXFileReference; lastKnownFileType = sourcecode.swift; path = Forecast.swift; sourceTree = "<group>"; };
		1E9F13959FB2D3D129E8765A /* Pods_weatherApp.framework */ = {isa = PBXFileReference; explicitFileType = wrapper.framework; includeInIndex = 0; path = Pods_weatherApp.framework; sourceTree = BUILT_PRODUCTS_DIR; };
		6129F00BAA113DF51DE230ED /* Pods-weatherApp.debug.xcconfig */ = {isa = PBXFileReference; includeInIndex = 1; lastKnownFileType = text.xcconfig; name = "Pods-weatherApp.debug.xcconfig"; path = "Pods/Target Support Files/Pods-weatherApp/Pods-weatherApp.debug.xcconfig"; sourceTree = "<group>"; };
		E004F6B463B7F3BA8AAA0667 /* Pods-weatherApp.release.xcconfig */ = {isa = PBXFileReference; includeInIndex = 1; lastKnownFileType = text.xcconfig; name = "Pods-weatherApp.release.xcconfig"; path = "Pods/Target Support Files/Pods-weatherApp/Pods-weatherApp.release.xcconfig"; sourceTree = "<group>"; };
/* End PBXFileReference section */

/* Begin PBXFrameworksBuildPhase section */
		0B563D9620CE6385007808A4 /* Frameworks */ = {
			isa = PBXFrameworksBuildPhase;
			buildActionMask = 2147483647;
			files = (
				0CFFAFAC1AF75D93F6294408 /* Pods_weatherApp.framework in Frameworks */,
			);
			runOnlyForDeploymentPostprocessing = 0;
		};
/* End PBXFrameworksBuildPhase section */

/* Begin PBXGroup section */
		0B563D9020CE6385007808A4 = {
			isa = PBXGroup;
			children = (
				0B563D9B20CE6385007808A4 /* weatherApp */,
				0B563D9A20CE6385007808A4 /* Products */,
				CDE5F605BF8E70583BC16B09 /* Pods */,
				2A4CE8859F999BA8C3575775 /* Frameworks */,
			);
			sourceTree = "<group>";
		};
		0B563D9A20CE6385007808A4 /* Products */ = {
			isa = PBXGroup;
			children = (
				0B563D9920CE6385007808A4 /* weatherApp.app */,
			);
			name = Products;
			sourceTree = "<group>";
		};
		0B563D9B20CE6385007808A4 /* weatherApp */ = {
			isa = PBXGroup;
			children = (
				0B563D9C20CE6385007808A4 /* AppDelegate.swift */,
				0B563DAE20CE64A8007808A4 /* MapViewController.swift */,
				0B563DB420CE66B9007808A4 /* DetailViewController.swift */,
				0B563DB820CECAC4007808A4 /* Forecast.swift */,
				0B563DB020CE659F007808A4 /* CitiesData.swift */,
				0B563DB220CE65C1007808A4 /* City.swift */,
				0B563DA020CE6385007808A4 /* Main.storyboard */,
				0B563DB620CEA787007808A4 /* HeaderCell.swift */,
				0B2764BC20D05A97000E870B /* HoursCell.swift */,
				0B2764B820D0024C000E870B /* DailyCell.swift */,
				0B2764BE20D1320D000E870B /* ExtraCell.swift */,
				0B2764C220D13633000E870B /* ExtraTwoCell.swift */,
				0B563DA320CE6385007808A4 /* Assets.xcassets */,
				0B563DA520CE6385007808A4 /* LaunchScreen.storyboard */,
				0B563DA820CE6385007808A4 /* Info.plist */,
			);
			path = weatherApp;
			sourceTree = "<group>";
		};
		2A4CE8859F999BA8C3575775 /* Frameworks */ = {
			isa = PBXGroup;
			children = (
				1E9F13959FB2D3D129E8765A /* Pods_weatherApp.framework */,
			);
			name = Frameworks;
			sourceTree = "<group>";
		};
		CDE5F605BF8E70583BC16B09 /* Pods */ = {
			isa = PBXGroup;
			children = (
				6129F00BAA113DF51DE230ED /* Pods-weatherApp.debug.xcconfig */,
				E004F6B463B7F3BA8AAA0667 /* Pods-weatherApp.release.xcconfig */,
			);
			name = Pods;
			sourceTree = "<group>";
		};
/* End PBXGroup section */

/* Begin PBXNativeTarget section */
		0B563D9820CE6385007808A4 /* weatherApp */ = {
			isa = PBXNativeTarget;
			buildConfigurationList = 0B563DAB20CE6385007808A4 /* Build configuration list for PBXNativeTarget "weatherApp" */;
			buildPhases = (
				2D3D3C0D28D8487AC1E2618D /* [CP] Check Pods Manifest.lock */,
				0B563D9520CE6385007808A4 /* Sources */,
				0B563D9620CE6385007808A4 /* Frameworks */,
				0B563D9720CE6385007808A4 /* Resources */,
				3709BB9FA1704475BEE08502 /* [CP] Embed Pods Frameworks */,
			);
			buildRules = (
			);
			dependencies = (
			);
			name = weatherApp;
			productName = weatherApp;
			productReference = 0B563D9920CE6385007808A4 /* weatherApp.app */;
			productType = "com.apple.product-type.application";
		};
/* End PBXNativeTarget section */

/* Begin PBXProject section */
		0B563D9120CE6385007808A4 /* Project object */ = {
			isa = PBXProject;
			attributes = {
				LastSwiftUpdateCheck = 0920;
				LastUpgradeCheck = 0920;
				ORGANIZATIONNAME = "Jeremy Noh";
				TargetAttributes = {
					0B563D9820CE6385007808A4 = {
						CreatedOnToolsVersion = 9.2;
						ProvisioningStyle = Automatic;
					};
				};
			};
			buildConfigurationList = 0B563D9420CE6385007808A4 /* Build configuration list for PBXProject "weatherApp" */;
			compatibilityVersion = "Xcode 8.0";
			developmentRegion = en;
			hasScannedForEncodings = 0;
			knownRegions = (
				en,
				Base,
			);
			mainGroup = 0B563D9020CE6385007808A4;
			productRefGroup = 0B563D9A20CE6385007808A4 /* Products */;
			projectDirPath = "";
			projectRoot = "";
			targets = (
				0B563D9820CE6385007808A4 /* weatherApp */,
			);
		};
/* End PBXProject section */

/* Begin PBXResourcesBuildPhase section */
		0B563D9720CE6385007808A4 /* Resources */ = {
			isa = PBXResourcesBuildPhase;
			buildActionMask = 2147483647;
			files = (
				0B563DA720CE6385007808A4 /* LaunchScreen.storyboard in Resources */,
				0B563DA420CE6385007808A4 /* Assets.xcassets in Resources */,
				0B563DA220CE6385007808A4 /* Main.storyboard in Resources */,
			);
			runOnlyForDeploymentPostprocessing = 0;
		};
/* End PBXResourcesBuildPhase section */

/* Begin PBXShellScriptBuildPhase section */
		2D3D3C0D28D8487AC1E2618D /* [CP] Check Pods Manifest.lock */ = {
			isa = PBXShellScriptBuildPhase;
			buildActionMask = 2147483647;
			files = (
			);
			inputPaths = (
				"${PODS_PODFILE_DIR_PATH}/Podfile.lock",
				"${PODS_ROOT}/Manifest.lock",
			);
			name = "[CP] Check Pods Manifest.lock";
			outputPaths = (
				"$(DERIVED_FILE_DIR)/Pods-weatherApp-checkManifestLockResult.txt",
			);
			runOnlyForDeploymentPostprocessing = 0;
			shellPath = /bin/sh;
			shellScript = "diff \"${PODS_PODFILE_DIR_PATH}/Podfile.lock\" \"${PODS_ROOT}/Manifest.lock\" > /dev/null\nif [ $? != 0 ] ; then\n    # print error to STDERR\n    echo \"error: The sandbox is not in sync with the Podfile.lock. Run 'pod install' or update your CocoaPods installation.\" >&2\n    exit 1\nfi\n# This output is used by Xcode 'outputs' to avoid re-running this script phase.\necho \"SUCCESS\" > \"${SCRIPT_OUTPUT_FILE_0}\"\n";
			showEnvVarsInLog = 0;
		};
		3709BB9FA1704475BEE08502 /* [CP] Embed Pods Frameworks */ = {
			isa = PBXShellScriptBuildPhase;
			buildActionMask = 2147483647;
			files = (
			);
			inputPaths = (
				"${SRCROOT}/Pods/Target Support Files/Pods-weatherApp/Pods-weatherApp-frameworks.sh",
				"${BUILT_PRODUCTS_DIR}/Alamofire/Alamofire.framework",
				"${BUILT_PRODUCTS_DIR}/SwiftyJSON/SwiftyJSON.framework",
			);
			name = "[CP] Embed Pods Frameworks";
			outputPaths = (
				"${TARGET_BUILD_DIR}/${FRAMEWORKS_FOLDER_PATH}/Alamofire.framework",
				"${TARGET_BUILD_DIR}/${FRAMEWORKS_FOLDER_PATH}/SwiftyJSON.framework",
			);
			runOnlyForDeploymentPostprocessing = 0;
			shellPath = /bin/sh;
			shellScript = "\"${SRCROOT}/Pods/Target Support Files/Pods-weatherApp/Pods-weatherApp-frameworks.sh\"\n";
			showEnvVarsInLog = 0;
		};
/* End PBXShellScriptBuildPhase section */

/* Begin PBXSourcesBuildPhase section */
		0B563D9520CE6385007808A4 /* Sources */ = {
			isa = PBXSourcesBuildPhase;
			buildActionMask = 2147483647;
			files = (
				0B2764BF20D1320D000E870B /* ExtraCell.swift in Sources */,
				0B563DB320CE65C1007808A4 /* City.swift in Sources */,
				0B2764C320D13633000E870B /* ExtraTwoCell.swift in Sources */,
				0B563DAF20CE64A8007808A4 /* MapViewController.swift in Sources */,
				0B563DB920CECAC4007808A4 /* Forecast.swift in Sources */,
				0B563DB520CE66B9007808A4 /* DetailViewController.swift in Sources */,
				0B563DB120CE659F007808A4 /* CitiesData.swift in Sources */,
				0B2764B920D0024C000E870B /* DailyCell.swift in Sources */,
				0B563D9D20CE6385007808A4 /* AppDelegate.swift in Sources */,
				0B563DB720CEA787007808A4 /* HeaderCell.swift in Sources */,
				0B2764BD20D05A97000E870B /* HoursCell.swift in Sources */,
			);
			runOnlyForDeploymentPostprocessing = 0;
		};
/* End PBXSourcesBuildPhase section */

/* Begin PBXVariantGroup section */
		0B563DA020CE6385007808A4 /* Main.storyboard */ = {
			isa = PBXVariantGroup;
			children = (
				0B563DA120CE6385007808A4 /* Base */,
			);
			name = Main.storyboard;
			sourceTree = "<group>";
		};
		0B563DA520CE6385007808A4 /* LaunchScreen.storyboard */ = {
			isa = PBXVariantGroup;
			children = (
				0B563DA620CE6385007808A4 /* Base */,
			);
			name = LaunchScreen.storyboard;
			sourceTree = "<group>";
		};
/* End PBXVariantGroup section */

/* Begin XCBuildConfiguration section */
		0B563DA920CE6385007808A4 /* Debug */ = {
			isa = XCBuildConfiguration;
			buildSettings = {
				ALWAYS_SEARCH_USER_PATHS = NO;
				CLANG_ANALYZER_NONNULL = YES;
				CLANG_ANALYZER_NUMBER_OBJECT_CONVERSION = YES_AGGRESSIVE;
				CLANG_CXX_LANGUAGE_STANDARD = "gnu++14";
				CLANG_CXX_LIBRARY = "libc++";
				CLANG_ENABLE_MODULES = YES;
				CLANG_ENABLE_OBJC_ARC = YES;
				CLANG_WARN_BLOCK_CAPTURE_AUTORELEASING = YES;
				CLANG_WARN_BOOL_CONVERSION = YES;
				CLANG_WARN_COMMA = YES;
				CLANG_WARN_CONSTANT_CONVERSION = YES;
				CLANG_WARN_DIRECT_OBJC_ISA_USAGE = YES_ERROR;
				CLANG_WARN_DOCUMENTATION_COMMENTS = YES;
				CLANG_WARN_EMPTY_BODY = YES;
				CLANG_WARN_ENUM_CONVERSION = YES;
				CLANG_WARN_INFINITE_RECURSION = YES;
				CLANG_WARN_INT_CONVERSION = YES;
				CLANG_WARN_NON_LITERAL_NULL_CONVERSION = YES;
				CLANG_WARN_OBJC_LITERAL_CONVERSION = YES;
				CLANG_WARN_OBJC_ROOT_CLASS = YES_ERROR;
				CLANG_WARN_RANGE_LOOP_ANALYSIS = YES;
				CLANG_WARN_STRICT_PROTOTYPES = YES;
				CLANG_WARN_SUSPICIOUS_MOVE = YES;
				CLANG_WARN_UNGUARDED_AVAILABILITY = YES_AGGRESSIVE;
				CLANG_WARN_UNREACHABLE_CODE = YES;
				CLANG_WARN__DUPLICATE_METHOD_MATCH = YES;
				CODE_SIGN_IDENTITY = "iPhone Developer";
				COPY_PHASE_STRIP = NO;
				DEBUG_INFORMATION_FORMAT = dwarf;
				ENABLE_STRICT_OBJC_MSGSEND = YES;
				ENABLE_TESTABILITY = YES;
				GCC_C_LANGUAGE_STANDARD = gnu11;
				GCC_DYNAMIC_NO_PIC = NO;
				GCC_NO_COMMON_BLOCKS = YES;
				GCC_OPTIMIZATION_LEVEL = 0;
				GCC_PREPROCESSOR_DEFINITIONS = (
					"DEBUG=1",
					"$(inherited)",
				);
				GCC_WARN_64_TO_32_BIT_CONVERSION = YES;
				GCC_WARN_ABOUT_RETURN_TYPE = YES_ERROR;
				GCC_WARN_UNDECLARED_SELECTOR = YES;
				GCC_WARN_UNINITIALIZED_AUTOS = YES_AGGRESSIVE;
				GCC_WARN_UNUSED_FUNCTION = YES;
				GCC_WARN_UNUSED_VARIABLE = YES;
				IPHONEOS_DEPLOYMENT_TARGET = 11.2;
				MTL_ENABLE_DEBUG_INFO = YES;
				ONLY_ACTIVE_ARCH = YES;
				SDKROOT = iphoneos;
				SWIFT_ACTIVE_COMPILATION_CONDITIONS = DEBUG;
				SWIFT_OPTIMIZATION_LEVEL = "-Onone";
			};
			name = Debug;
		};
		0B563DAA20CE6385007808A4 /* Release */ = {
			isa = XCBuildConfiguration;
			buildSettings = {
				ALWAYS_SEARCH_USER_PATHS = NO;
				CLANG_ANALYZER_NONNULL = YES;
				CLANG_ANALYZER_NUMBER_OBJECT_CONVERSION = YES_AGGRESSIVE;
				CLANG_CXX_LANGUAGE_STANDARD = "gnu++14";
				CLANG_CXX_LIBRARY = "libc++";
				CLANG_ENABLE_MODULES = YES;
				CLANG_ENABLE_OBJC_ARC = YES;
				CLANG_WARN_BLOCK_CAPTURE_AUTORELEASING = YES;
				CLANG_WARN_BOOL_CONVERSION = YES;
				CLANG_WARN_COMMA = YES;
				CLANG_WARN_CONSTANT_CONVERSION = YES;
				CLANG_WARN_DIRECT_OBJC_ISA_USAGE = YES_ERROR;
				CLANG_WARN_DOCUMENTATION_COMMENTS = YES;
				CLANG_WARN_EMPTY_BODY = YES;
				CLANG_WARN_ENUM_CONVERSION = YES;
				CLANG_WARN_INFINITE_RECURSION = YES;
				CLANG_WARN_INT_CONVERSION = YES;
				CLANG_WARN_NON_LITERAL_NULL_CONVERSION = YES;
				CLANG_WARN_OBJC_LITERAL_CONVERSION = YES;
				CLANG_WARN_OBJC_ROOT_CLASS = YES_ERROR;
				CLANG_WARN_RANGE_LOOP_ANALYSIS = YES;
				CLANG_WARN_STRICT_PROTOTYPES = YES;
				CLANG_WARN_SUSPICIOUS_MOVE = YES;
				CLANG_WARN_UNGUARDED_AVAILABILITY = YES_AGGRESSIVE;
				CLANG_WARN_UNREACHABLE_CODE = YES;
				CLANG_WARN__DUPLICATE_METHOD_MATCH = YES;
				CODE_SIGN_IDENTITY = "iPhone Developer";
				COPY_PHASE_STRIP = NO;
				DEBUG_INFORMATION_FORMAT = "dwarf-with-dsym";
				ENABLE_NS_ASSERTIONS = NO;
				ENABLE_STRICT_OBJC_MSGSEND = YES;
				GCC_C_LANGUAGE_STANDARD = gnu11;
				GCC_NO_COMMON_BLOCKS = YES;
				GCC_WARN_64_TO_32_BIT_CONVERSION = YES;
				GCC_WARN_ABOUT_RETURN_TYPE = YES_ERROR;
				GCC_WARN_UNDECLARED_SELECTOR = YES;
				GCC_WARN_UNINITIALIZED_AUTOS = YES_AGGRESSIVE;
				GCC_WARN_UNUSED_FUNCTION = YES;
				GCC_WARN_UNUSED_VARIABLE = YES;
				IPHONEOS_DEPLOYMENT_TARGET = 11.2;
				MTL_ENABLE_DEBUG_INFO = NO;
				SDKROOT = iphoneos;
				SWIFT_OPTIMIZATION_LEVEL = "-Owholemodule";
				VALIDATE_PRODUCT = YES;
			};
			name = Release;
		};
		0B563DAC20CE6385007808A4 /* Debug */ = {
			isa = XCBuildConfiguration;
			baseConfigurationReference = 6129F00BAA113DF51DE230ED /* Pods-weatherApp.debug.xcconfig */;
			buildSettings = {
				ASSETCATALOG_COMPILER_APPICON_NAME = AppIcon;
				CODE_SIGN_STYLE = Automatic;
				INFOPLIST_FILE = weatherApp/Info.plist;
				LD_RUNPATH_SEARCH_PATHS = "$(inherited) @executable_path/Frameworks";
				PRODUCT_BUNDLE_IDENTIFIER = jeremy.nohile.890m.com.weatherApp;
				PRODUCT_NAME = "$(TARGET_NAME)";
				SWIFT_VERSION = 4.0;
				TARGETED_DEVICE_FAMILY = "1,2";
			};
			name = Debug;
		};
		0B563DAD20CE6385007808A4 /* Release */ = {
			isa = XCBuildConfiguration;
			baseConfigurationReference = E004F6B463B7F3BA8AAA0667 /* Pods-weatherApp.release.xcconfig */;
			buildSettings = {
				ASSETCATALOG_COMPILER_APPICON_NAME = AppIcon;
				CODE_SIGN_STYLE = Automatic;
				INFOPLIST_FILE = weatherApp/Info.plist;
				LD_RUNPATH_SEARCH_PATHS = "$(inherited) @executable_path/Frameworks";
				PRODUCT_BUNDLE_IDENTIFIER = jeremy.nohile.890m.com.weatherApp;
				PRODUCT_NAME = "$(TARGET_NAME)";
				SWIFT_VERSION = 4.0;
				TARGETED_DEVICE_FAMILY = "1,2";
			};
			name = Release;
		};
/* End XCBuildConfiguration section */

/* Begin XCConfigurationList section */
		0B563D9420CE6385007808A4 /* Build configuration list for PBXProject "weatherApp" */ = {
			isa = XCConfigurationList;
			buildConfigurations = (
				0B563DA920CE6385007808A4 /* Debug */,
				0B563DAA20CE6385007808A4 /* Release */,
			);
			defaultConfigurationIsVisible = 0;
			defaultConfigurationName = Release;
		};
		0B563DAB20CE6385007808A4 /* Build configuration list for PBXNativeTarget "weatherApp" */ = {
			isa = XCConfigurationList;
			buildConfigurations = (
				0B563DAC20CE6385007808A4 /* Debug */,
				0B563DAD20CE6385007808A4 /* Release */,
			);
			defaultConfigurationIsVisible = 0;
			defaultConfigurationName = Release;
		};
/* End XCConfigurationList section */
	};
	rootObject = 0B563D9120CE6385007808A4 /* Project object */;
}
